
Microsoft Visual Studio Solution File, Format Version 12.00
# Visual Studio Version 17
VisualStudioVersion = 17.3.32929.385
MinimumVisualStudioVersion = 10.0.40219.1
Project("{9A19103F-16F7-4668-BE54-9A1E7A4F7556}") = "Shared.Common", "Lib\Shared.Common\Shared.Common.csproj", "{B0713AD9-4EF4-4740-93A5-6F756BA130E4}"
EndProject
Project("{9A19103F-16F7-4668-BE54-9A1E7A4F7556}") = "Bitter", "Lib\Bitter\Bitter\Bitter.csproj", "{E89592B3-3A8E-47F0-A273-EB1FFFFD990C}"
EndProject
Project("{2150E333-8FDC-42A3-9474-1A3956D46DE8}") = "Lib", "Lib", "{5B823ADB-335C-4A93-BB60-E2AA16E3E2DB}"
EndProject
Project("{2150E333-8FDC-42A3-9474-1A3956D46DE8}") = "WebHosts", "WebHosts", "{95240733-4E61-4B10-B175-65EEBD026D7E}"
EndProject
Project("{2150E333-8FDC-42A3-9474-1A3956D46DE8}") = "UdpHosts", "UdpHosts", "{F2BB6CE7-7337-4993-9188-F17EC9CA3DE6}"
EndProject
Project("{9A19103F-16F7-4668-BE54-9A1E7A4F7556}") = "Shared.Web", "Lib\Shared.Web\Shared.Web.csproj", "{6E528FE6-EAC6-4C01-8FC8-4356C3E7605D}"
EndProject
Project("{9A19103F-16F7-4668-BE54-9A1E7A4F7556}") = "WebHost.Chat", "WebHosts\WebHost.Chat\WebHost.Chat.csproj", "{E62C2A80-5055-4DEE-8528-51C9236AC1EB}"
EndProject
Project("{9A19103F-16F7-4668-BE54-9A1E7A4F7556}") = "GameServer", "UdpHosts\GameServer\GameServer.csproj", "{871FE1C9-F8CE-4143-9975-02DA0F545C7C}"
EndProject
Project("{9A19103F-16F7-4668-BE54-9A1E7A4F7556}") = "MatrixServer", "UdpHosts\MatrixServer\MatrixServer.csproj", "{4F39E065-B6DA-4195-BA98-7688C13F4B07}"
EndProject
Project("{9A19103F-16F7-4668-BE54-9A1E7A4F7556}") = "WebHost.OperatorApi", "WebHosts\WebHost.OperatorApi\WebHost.OperatorApi.csproj", "{A7183B07-DE4C-4911-BE4B-3ECD4E9BDBC0}"
EndProject
Project("{9A19103F-16F7-4668-BE54-9A1E7A4F7556}") = "WebHost.ClientApi", "WebHosts\WebHost.ClientApi\WebHost.ClientApi.csproj", "{F18BB174-AE78-403B-9D79-06C7334FE79B}"
EndProject
Project("{9A19103F-16F7-4668-BE54-9A1E7A4F7556}") = "WebHost.InGameApi", "WebHosts\WebHost.InGameApi\WebHost.InGameApi.csproj", "{2598A829-CD38-452F-910F-7242C238A6A1}"
EndProject
Project("{9A19103F-16F7-4668-BE54-9A1E7A4F7556}") = "Shared.Udp", "Lib\Shared.Udp\Shared.Udp.csproj", "{ADD3F37F-B26B-47F2-AA29-7886D5282D00}"
EndProject
Project("{9A19103F-16F7-4668-BE54-9A1E7A4F7556}") = "WebHost.CatchAll", "WebHosts\WebHost.CatchAll\WebHost.CatchAll.csproj", "{3AE7A784-6695-4525-9C69-910BCCA324E7}"
EndProject
Project("{9A19103F-16F7-4668-BE54-9A1E7A4F7556}") = "Shared.Data", "Lib\Shared.Data\Shared.Data.csproj", "{75EB6F4E-F38B-448F-9EB0-39097DB61E33}"
EndProject
Project("{9A19103F-16F7-4668-BE54-9A1E7A4F7556}") = "Core.Data", "Lib\Core.Data\Core.Data.csproj", "{F77029A1-3ECB-4464-9909-9A7D1E977A86}"
EndProject
Project("{9A19103F-16F7-4668-BE54-9A1E7A4F7556}") = "WebHost.Store", "WebHosts\WebHost.Store\WebHost.Store.csproj", "{0EDF188A-18CC-4ADA-943F-523B040A3135}"
EndProject
Project("{9A19103F-16F7-4668-BE54-9A1E7A4F7556}") = "WebHost.Replay", "WebHosts\WebHost.Replay\WebHost.Replay.csproj", "{845AFF09-D9E6-418C-94DC-096DAEFB49B3}"
EndProject
Project("{9A19103F-16F7-4668-BE54-9A1E7A4F7556}") = "WebHost.Market", "WebHosts\WebHost.Market\WebHost.Market.csproj", "{5BCD2370-4CB3-4630-9CEF-F56CA3C53397}"
EndProject
Project("{9A19103F-16F7-4668-BE54-9A1E7A4F7556}") = "WebHost.WebAsset", "WebHosts\WebHost.WebAsset\WebHost.WebAsset.csproj", "{DB635FA7-60AA-45C1-815C-DEC7B34949E0}"
EndProject
Project("{2150E333-8FDC-42A3-9474-1A3956D46DE8}") = "_Solution Items", "_Solution Items", "{1191B69C-BCE5-484D-B938-030EBE130B2B}"
	ProjectSection(SolutionItems) = preProject
		.editorconfig = .editorconfig
		.gitignore = .gitignore
		CHANGELOG.md = CHANGELOG.md
		PIN.sln.DotSettings = PIN.sln.DotSettings
		README.md = README.md
		Start.cmd = Start.cmd
		PIN.targets = PIN.targets
		stylecop.ruleset = stylecop.ruleset
		.gitmodules = .gitmodules
	EndProjectSection
EndProject
Project("{FAE04EC0-301F-11D3-BF4B-00C04F79EFBC}") = "AeroMessages", "Lib\AeroMessages\AeroMessages\AeroMessages.csproj", "{A2AF6A0E-BF9C-4CE1-A433-236BDD4043FE}"
EndProject
Project("{FAE04EC0-301F-11D3-BF4B-00C04F79EFBC}") = "WebHostManager", "WebHosts\WebHostManager\WebHostManager.csproj", "{77FA934A-D394-400E-BD4D-484495814280}"
EndProject
Project("{FAE04EC0-301F-11D3-BF4B-00C04F79EFBC}") = "BepuPhysics", "Lib\BepuPhysics2\BepuPhysics\BepuPhysics.csproj", "{24616F0E-DEB2-418F-BC48-F1308FDEDC2E}"
EndProject
Project("{FAE04EC0-301F-11D3-BF4B-00C04F79EFBC}") = "BepuUtilities", "Lib\BepuPhysics2\BepuUtilities\BepuUtilities.csproj", "{9B396A99-729A-4273-8E18-6F722EED16B7}"
EndProject
Global
	GlobalSection(SolutionConfigurationPlatforms) = preSolution
		Debug|Any CPU = Debug|Any CPU
		Release|Any CPU = Release|Any CPU
	EndGlobalSection
	GlobalSection(ProjectConfigurationPlatforms) = postSolution
		{B0713AD9-4EF4-4740-93A5-6F756BA130E4}.Debug|Any CPU.ActiveCfg = Debug|Any CPU
		{B0713AD9-4EF4-4740-93A5-6F756BA130E4}.Debug|Any CPU.Build.0 = Debug|Any CPU
		{B0713AD9-4EF4-4740-93A5-6F756BA130E4}.Release|Any CPU.ActiveCfg = Release|Any CPU
		{B0713AD9-4EF4-4740-93A5-6F756BA130E4}.Release|Any CPU.Build.0 = Release|Any CPU
		{E89592B3-3A8E-47F0-A273-EB1FFFFD990C}.Debug|Any CPU.ActiveCfg = Debug|Any CPU
		{E89592B3-3A8E-47F0-A273-EB1FFFFD990C}.Debug|Any CPU.Build.0 = Debug|Any CPU
		{E89592B3-3A8E-47F0-A273-EB1FFFFD990C}.Release|Any CPU.ActiveCfg = Release|Any CPU
		{E89592B3-3A8E-47F0-A273-EB1FFFFD990C}.Release|Any CPU.Build.0 = Release|Any CPU
		{6E528FE6-EAC6-4C01-8FC8-4356C3E7605D}.Debug|Any CPU.ActiveCfg = Debug|Any CPU
		{6E528FE6-EAC6-4C01-8FC8-4356C3E7605D}.Debug|Any CPU.Build.0 = Debug|Any CPU
		{6E528FE6-EAC6-4C01-8FC8-4356C3E7605D}.Release|Any CPU.ActiveCfg = Release|Any CPU
		{6E528FE6-EAC6-4C01-8FC8-4356C3E7605D}.Release|Any CPU.Build.0 = Release|Any CPU
		{E62C2A80-5055-4DEE-8528-51C9236AC1EB}.Debug|Any CPU.ActiveCfg = Debug|Any CPU
		{E62C2A80-5055-4DEE-8528-51C9236AC1EB}.Debug|Any CPU.Build.0 = Debug|Any CPU
		{E62C2A80-5055-4DEE-8528-51C9236AC1EB}.Release|Any CPU.ActiveCfg = Release|Any CPU
		{E62C2A80-5055-4DEE-8528-51C9236AC1EB}.Release|Any CPU.Build.0 = Release|Any CPU
		{871FE1C9-F8CE-4143-9975-02DA0F545C7C}.Debug|Any CPU.ActiveCfg = Debug|Any CPU
		{871FE1C9-F8CE-4143-9975-02DA0F545C7C}.Debug|Any CPU.Build.0 = Debug|Any CPU
		{871FE1C9-F8CE-4143-9975-02DA0F545C7C}.Release|Any CPU.ActiveCfg = Release|Any CPU
		{871FE1C9-F8CE-4143-9975-02DA0F545C7C}.Release|Any CPU.Build.0 = Release|Any CPU
		{4F39E065-B6DA-4195-BA98-7688C13F4B07}.Debug|Any CPU.ActiveCfg = Debug|Any CPU
		{4F39E065-B6DA-4195-BA98-7688C13F4B07}.Debug|Any CPU.Build.0 = Debug|Any CPU
		{4F39E065-B6DA-4195-BA98-7688C13F4B07}.Release|Any CPU.ActiveCfg = Release|Any CPU
		{4F39E065-B6DA-4195-BA98-7688C13F4B07}.Release|Any CPU.Build.0 = Release|Any CPU
		{A7183B07-DE4C-4911-BE4B-3ECD4E9BDBC0}.Debug|Any CPU.ActiveCfg = Debug|Any CPU
		{A7183B07-DE4C-4911-BE4B-3ECD4E9BDBC0}.Debug|Any CPU.Build.0 = Debug|Any CPU
		{A7183B07-DE4C-4911-BE4B-3ECD4E9BDBC0}.Release|Any CPU.ActiveCfg = Release|Any CPU
		{A7183B07-DE4C-4911-BE4B-3ECD4E9BDBC0}.Release|Any CPU.Build.0 = Release|Any CPU
		{F18BB174-AE78-403B-9D79-06C7334FE79B}.Debug|Any CPU.ActiveCfg = Debug|Any CPU
		{F18BB174-AE78-403B-9D79-06C7334FE79B}.Debug|Any CPU.Build.0 = Debug|Any CPU
		{F18BB174-AE78-403B-9D79-06C7334FE79B}.Release|Any CPU.ActiveCfg = Release|Any CPU
		{F18BB174-AE78-403B-9D79-06C7334FE79B}.Release|Any CPU.Build.0 = Release|Any CPU
		{2598A829-CD38-452F-910F-7242C238A6A1}.Debug|Any CPU.ActiveCfg = Debug|Any CPU
		{2598A829-CD38-452F-910F-7242C238A6A1}.Debug|Any CPU.Build.0 = Debug|Any CPU
		{2598A829-CD38-452F-910F-7242C238A6A1}.Release|Any CPU.ActiveCfg = Release|Any CPU
		{2598A829-CD38-452F-910F-7242C238A6A1}.Release|Any CPU.Build.0 = Release|Any CPU
		{ADD3F37F-B26B-47F2-AA29-7886D5282D00}.Debug|Any CPU.ActiveCfg = Debug|Any CPU
		{ADD3F37F-B26B-47F2-AA29-7886D5282D00}.Debug|Any CPU.Build.0 = Debug|Any CPU
		{ADD3F37F-B26B-47F2-AA29-7886D5282D00}.Release|Any CPU.ActiveCfg = Release|Any CPU
		{ADD3F37F-B26B-47F2-AA29-7886D5282D00}.Release|Any CPU.Build.0 = Release|Any CPU
		{3AE7A784-6695-4525-9C69-910BCCA324E7}.Debug|Any CPU.ActiveCfg = Debug|Any CPU
		{3AE7A784-6695-4525-9C69-910BCCA324E7}.Debug|Any CPU.Build.0 = Debug|Any CPU
		{3AE7A784-6695-4525-9C69-910BCCA324E7}.Release|Any CPU.ActiveCfg = Release|Any CPU
		{3AE7A784-6695-4525-9C69-910BCCA324E7}.Release|Any CPU.Build.0 = Release|Any CPU
		{75EB6F4E-F38B-448F-9EB0-39097DB61E33}.Debug|Any CPU.ActiveCfg = Debug|Any CPU
		{75EB6F4E-F38B-448F-9EB0-39097DB61E33}.Debug|Any CPU.Build.0 = Debug|Any CPU
		{75EB6F4E-F38B-448F-9EB0-39097DB61E33}.Release|Any CPU.ActiveCfg = Release|Any CPU
		{75EB6F4E-F38B-448F-9EB0-39097DB61E33}.Release|Any CPU.Build.0 = Release|Any CPU
		{F77029A1-3ECB-4464-9909-9A7D1E977A86}.Debug|Any CPU.ActiveCfg = Debug|Any CPU
		{F77029A1-3ECB-4464-9909-9A7D1E977A86}.Debug|Any CPU.Build.0 = Debug|Any CPU
		{F77029A1-3ECB-4464-9909-9A7D1E977A86}.Release|Any CPU.ActiveCfg = Release|Any CPU
		{F77029A1-3ECB-4464-9909-9A7D1E977A86}.Release|Any CPU.Build.0 = Release|Any CPU
		{0EDF188A-18CC-4ADA-943F-523B040A3135}.Debug|Any CPU.ActiveCfg = Debug|Any CPU
		{0EDF188A-18CC-4ADA-943F-523B040A3135}.Debug|Any CPU.Build.0 = Debug|Any CPU
		{0EDF188A-18CC-4ADA-943F-523B040A3135}.Release|Any CPU.ActiveCfg = Release|Any CPU
		{0EDF188A-18CC-4ADA-943F-523B040A3135}.Release|Any CPU.Build.0 = Release|Any CPU
		{845AFF09-D9E6-418C-94DC-096DAEFB49B3}.Debug|Any CPU.ActiveCfg = Debug|Any CPU
		{845AFF09-D9E6-418C-94DC-096DAEFB49B3}.Debug|Any CPU.Build.0 = Debug|Any CPU
		{845AFF09-D9E6-418C-94DC-096DAEFB49B3}.Release|Any CPU.ActiveCfg = Release|Any CPU
		{845AFF09-D9E6-418C-94DC-096DAEFB49B3}.Release|Any CPU.Build.0 = Release|Any CPU
		{5BCD2370-4CB3-4630-9CEF-F56CA3C53397}.Debug|Any CPU.ActiveCfg = Debug|Any CPU
		{5BCD2370-4CB3-4630-9CEF-F56CA3C53397}.Debug|Any CPU.Build.0 = Debug|Any CPU
		{5BCD2370-4CB3-4630-9CEF-F56CA3C53397}.Release|Any CPU.ActiveCfg = Release|Any CPU
		{5BCD2370-4CB3-4630-9CEF-F56CA3C53397}.Release|Any CPU.Build.0 = Release|Any CPU
		{DB635FA7-60AA-45C1-815C-DEC7B34949E0}.Debug|Any CPU.ActiveCfg = Debug|Any CPU
		{DB635FA7-60AA-45C1-815C-DEC7B34949E0}.Debug|Any CPU.Build.0 = Debug|Any CPU
		{DB635FA7-60AA-45C1-815C-DEC7B34949E0}.Release|Any CPU.ActiveCfg = Release|Any CPU
		{DB635FA7-60AA-45C1-815C-DEC7B34949E0}.Release|Any CPU.Build.0 = Release|Any CPU
		{A2AF6A0E-BF9C-4CE1-A433-236BDD4043FE}.Debug|Any CPU.ActiveCfg = Debug|Any CPU
		{A2AF6A0E-BF9C-4CE1-A433-236BDD4043FE}.Debug|Any CPU.Build.0 = Debug|Any CPU
		{A2AF6A0E-BF9C-4CE1-A433-236BDD4043FE}.Release|Any CPU.ActiveCfg = Release|Any CPU
		{A2AF6A0E-BF9C-4CE1-A433-236BDD4043FE}.Release|Any CPU.Build.0 = Release|Any CPU
		{77FA934A-D394-400E-BD4D-484495814280}.Debug|Any CPU.ActiveCfg = Debug|Any CPU
		{77FA934A-D394-400E-BD4D-484495814280}.Debug|Any CPU.Build.0 = Debug|Any CPU
		{77FA934A-D394-400E-BD4D-484495814280}.Release|Any CPU.ActiveCfg = Release|Any CPU
		{77FA934A-D394-400E-BD4D-484495814280}.Release|Any CPU.Build.0 = Release|Any CPU
		{24616F0E-DEB2-418F-BC48-F1308FDEDC2E}.Debug|Any CPU.ActiveCfg = Debug|Any CPU
		{24616F0E-DEB2-418F-BC48-F1308FDEDC2E}.Debug|Any CPU.Build.0 = Debug|Any CPU
		{24616F0E-DEB2-418F-BC48-F1308FDEDC2E}.Release|Any CPU.ActiveCfg = Release|Any CPU
		{24616F0E-DEB2-418F-BC48-F1308FDEDC2E}.Release|Any CPU.Build.0 = Release|Any CPU
		{9B396A99-729A-4273-8E18-6F722EED16B7}.Debug|Any CPU.ActiveCfg = Debug|Any CPU
		{9B396A99-729A-4273-8E18-6F722EED16B7}.Debug|Any CPU.Build.0 = Debug|Any CPU
		{9B396A99-729A-4273-8E18-6F722EED16B7}.Release|Any CPU.ActiveCfg = Release|Any CPU
		{9B396A99-729A-4273-8E18-6F722EED16B7}.Release|Any CPU.Build.0 = Release|Any CPU
	EndGlobalSection
	GlobalSection(SolutionProperties) = preSolution
		HideSolutionNode = FALSE
	EndGlobalSection
	GlobalSection(NestedProjects) = preSolution
		{B0713AD9-4EF4-4740-93A5-6F756BA130E4} = {5B823ADB-335C-4A93-BB60-E2AA16E3E2DB}
		{E89592B3-3A8E-47F0-A273-EB1FFFFD990C} = {5B823ADB-335C-4A93-BB60-E2AA16E3E2DB}
		{6E528FE6-EAC6-4C01-8FC8-4356C3E7605D} = {5B823ADB-335C-4A93-BB60-E2AA16E3E2DB}
		{E62C2A80-5055-4DEE-8528-51C9236AC1EB} = {95240733-4E61-4B10-B175-65EEBD026D7E}
		{871FE1C9-F8CE-4143-9975-02DA0F545C7C} = {F2BB6CE7-7337-4993-9188-F17EC9CA3DE6}
		{4F39E065-B6DA-4195-BA98-7688C13F4B07} = {F2BB6CE7-7337-4993-9188-F17EC9CA3DE6}
		{A7183B07-DE4C-4911-BE4B-3ECD4E9BDBC0} = {95240733-4E61-4B10-B175-65EEBD026D7E}
		{F18BB174-AE78-403B-9D79-06C7334FE79B} = {95240733-4E61-4B10-B175-65EEBD026D7E}
		{2598A829-CD38-452F-910F-7242C238A6A1} = {95240733-4E61-4B10-B175-65EEBD026D7E}
		{ADD3F37F-B26B-47F2-AA29-7886D5282D00} = {5B823ADB-335C-4A93-BB60-E2AA16E3E2DB}
		{3AE7A784-6695-4525-9C69-910BCCA324E7} = {95240733-4E61-4B10-B175-65EEBD026D7E}
		{75EB6F4E-F38B-448F-9EB0-39097DB61E33} = {5B823ADB-335C-4A93-BB60-E2AA16E3E2DB}
		{F77029A1-3ECB-4464-9909-9A7D1E977A86} = {5B823ADB-335C-4A93-BB60-E2AA16E3E2DB}
		{0EDF188A-18CC-4ADA-943F-523B040A3135} = {95240733-4E61-4B10-B175-65EEBD026D7E}
		{845AFF09-D9E6-418C-94DC-096DAEFB49B3} = {95240733-4E61-4B10-B175-65EEBD026D7E}
		{5BCD2370-4CB3-4630-9CEF-F56CA3C53397} = {95240733-4E61-4B10-B175-65EEBD026D7E}
		{DB635FA7-60AA-45C1-815C-DEC7B34949E0} = {95240733-4E61-4B10-B175-65EEBD026D7E}
		{A2AF6A0E-BF9C-4CE1-A433-236BDD4043FE} = {5B823ADB-335C-4A93-BB60-E2AA16E3E2DB}
		{77FA934A-D394-400E-BD4D-484495814280} = {95240733-4E61-4B10-B175-65EEBD026D7E}
		{24616F0E-DEB2-418F-BC48-F1308FDEDC2E} = {5B823ADB-335C-4A93-BB60-E2AA16E3E2DB}
		{9B396A99-729A-4273-8E18-6F722EED16B7} = {5B823ADB-335C-4A93-BB60-E2AA16E3E2DB}
	EndGlobalSection
	GlobalSection(ExtensibilityGlobals) = postSolution
		SolutionGuid = {7BF1BD43-A851-45C0-86F8-490A8E4FA305}
	EndGlobalSection
EndGlobal
