
Microsoft Visual Studio Solution File, Format Version 12.00
# Visual Studio Version 16
VisualStudioVersion = 16.0.30320.27
MinimumVisualStudioVersion = 10.0.40219.1
Project("{9A19103F-16F7-4668-BE54-9A1E7A4F7556}") = "MyGameServer", "..\MyGameServer\MyGameServer.csproj", "{C1C30B5C-4405-4CB1-B3D5-9E70C92723ED}"
EndProject
Project("{9A19103F-16F7-4668-BE54-9A1E7A4F7556}") = "MyMatrixServer", "..\MyMatrixServer\MyMatrixServer.csproj", "{AEAAA30C-48FA-4758-B3CE-DB98CA204DD6}"
EndProject
Project("{FAE04EC0-301F-11D3-BF4B-00C04F79EFBC}") = "ServerShared", "..\ServerShared\ServerShared.csproj", "{F1451DA9-0672-4FDE-BAB4-7BBE60EA6694}"
EndProject
Global
	GlobalSection(SolutionConfigurationPlatforms) = preSolution
		Debug|Any CPU = Debug|Any CPU
		Release|Any CPU = Release|Any CPU
	EndGlobalSection
	GlobalSection(ProjectConfigurationPlatforms) = postSolution
		{C1C30B5C-4405-4CB1-B3D5-9E70C92723ED}.Debug|Any CPU.ActiveCfg = Debug|Any CPU
		{C1C30B5C-4405-4CB1-B3D5-9E70C92723ED}.Debug|Any CPU.Build.0 = Debug|Any CPU
		{C1C30B5C-4405-4CB1-B3D5-9E70C92723ED}.Release|Any CPU.ActiveCfg = Release|Any CPU
		{C1C30B5C-4405-4CB1-B3D5-9E70C92723ED}.Release|Any CPU.Build.0 = Release|Any CPU
		{AEAAA30C-48FA-4758-B3CE-DB98CA204DD6}.Debug|Any CPU.ActiveCfg = Debug|Any CPU
		{AEAAA30C-48FA-4758-B3CE-DB98CA204DD6}.Debug|Any CPU.Build.0 = Debug|Any CPU
		{AEAAA30C-48FA-4758-B3CE-DB98CA204DD6}.Release|Any CPU.ActiveCfg = Release|Any CPU
		{AEAAA30C-48FA-4758-B3CE-DB98CA204DD6}.Release|Any CPU.Build.0 = Release|Any CPU
		{F1451DA9-0672-4FDE-BAB4-7BBE60EA6694}.Debug|Any CPU.ActiveCfg = Debug|Any CPU
		{F1451DA9-0672-4FDE-BAB4-7BBE60EA6694}.Debug|Any CPU.Build.0 = Debug|Any CPU
		{F1451DA9-0672-4FDE-BAB4-7BBE60EA6694}.Release|Any CPU.ActiveCfg = Release|Any CPU
		{F1451DA9-0672-4FDE-BAB4-7BBE60EA6694}.Release|Any CPU.Build.0 = Release|Any CPU
	EndGlobalSection
	GlobalSection(SolutionProperties) = preSolution
		HideSolutionNode = FALSE
	EndGlobalSection
	GlobalSection(ExtensibilityGlobals) = postSolution
		SolutionGuid = {C8EAF90E-0AAD-441A-AC18-64567AC8E930}
	EndGlobalSection
EndGlobal
